
Microsoft Visual Studio Solution File, Format Version 12.00
# Visual Studio Version 16
VisualStudioVersion = 16.0.29102.190
MinimumVisualStudioVersion = 10.0.40219.1
Project("{9A19103F-16F7-4668-BE54-9A1E7A4F7556}") = "MCCommon", "src\MCCommon\MCCommon.csproj", "{93563EED-EBC5-4CBA-9A6F-F9F87786A661}"
EndProject
Project("{9A19103F-16F7-4668-BE54-9A1E7A4F7556}") = "MCConfig", "src\MCConfig\MCConfig.csproj", "{F8E65198-AA1F-4791-9940-D348C7C30E3B}"
EndProject
Project("{FAE04EC0-301F-11D3-BF4B-00C04F79EFBC}") = "MCAuth", "src\MCAuth\MCAuth.csproj", "{8C8B4BE5-CDB5-4904-BE0C-40C78573F704}"
EndProject
Project("{FAE04EC0-301F-11D3-BF4B-00C04F79EFBC}") = "UXCommon", "src\UXCommon\UXCommon.csproj", "{4BCA46DF-5783-442E-BE08-1D60DD3E3685}"
EndProject
Global
	GlobalSection(SolutionConfigurationPlatforms) = preSolution
		Debug|Any CPU = Debug|Any CPU
		Release|Any CPU = Release|Any CPU
	EndGlobalSection
	GlobalSection(ProjectConfigurationPlatforms) = postSolution
		{93563EED-EBC5-4CBA-9A6F-F9F87786A661}.Debug|Any CPU.ActiveCfg = Debug|Any CPU
		{93563EED-EBC5-4CBA-9A6F-F9F87786A661}.Debug|Any CPU.Build.0 = Debug|Any CPU
		{93563EED-EBC5-4CBA-9A6F-F9F87786A661}.Release|Any CPU.ActiveCfg = Release|Any CPU
		{93563EED-EBC5-4CBA-9A6F-F9F87786A661}.Release|Any CPU.Build.0 = Release|Any CPU
		{F8E65198-AA1F-4791-9940-D348C7C30E3B}.Debug|Any CPU.ActiveCfg = Debug|Any CPU
		{F8E65198-AA1F-4791-9940-D348C7C30E3B}.Debug|Any CPU.Build.0 = Debug|Any CPU
		{F8E65198-AA1F-4791-9940-D348C7C30E3B}.Release|Any CPU.ActiveCfg = Release|Any CPU
		{F8E65198-AA1F-4791-9940-D348C7C30E3B}.Release|Any CPU.Build.0 = Release|Any CPU
		{8C8B4BE5-CDB5-4904-BE0C-40C78573F704}.Debug|Any CPU.ActiveCfg = Debug|Any CPU
		{8C8B4BE5-CDB5-4904-BE0C-40C78573F704}.Debug|Any CPU.Build.0 = Debug|Any CPU
		{8C8B4BE5-CDB5-4904-BE0C-40C78573F704}.Release|Any CPU.ActiveCfg = Release|Any CPU
		{8C8B4BE5-CDB5-4904-BE0C-40C78573F704}.Release|Any CPU.Build.0 = Release|Any CPU
		{4BCA46DF-5783-442E-BE08-1D60DD3E3685}.Debug|Any CPU.ActiveCfg = Debug|Any CPU
		{4BCA46DF-5783-442E-BE08-1D60DD3E3685}.Debug|Any CPU.Build.0 = Debug|Any CPU
		{4BCA46DF-5783-442E-BE08-1D60DD3E3685}.Release|Any CPU.ActiveCfg = Release|Any CPU
		{4BCA46DF-5783-442E-BE08-1D60DD3E3685}.Release|Any CPU.Build.0 = Release|Any CPU
	EndGlobalSection
	GlobalSection(SolutionProperties) = preSolution
		HideSolutionNode = FALSE
	EndGlobalSection
	GlobalSection(ExtensibilityGlobals) = postSolution
		SolutionGuid = {E40220E9-C6BD-4792-BB6C-45712B8BB1DE}
	EndGlobalSection
EndGlobal
