
Microsoft Visual Studio Solution File, Format Version 12.00
# Visual Studio Version 16
VisualStudioVersion = 16.0.29411.138
MinimumVisualStudioVersion = 10.0.40219.1
Project("{9A19103F-16F7-4668-BE54-9A1E7A4F7556}") = "MCCommon", "src\MCCommon\MCCommon.csproj", "{BC3C0011-6B47-458E-AEB9-11DA92C7E01B}"
EndProject
Project("{9A19103F-16F7-4668-BE54-9A1E7A4F7556}") = "MCAuthWeb", "src\MCAuthWeb\MCAuthWeb.csproj", "{64D29550-97C3-4C50-8D2F-FCBEB6B4EFF4}"
EndProject
Global
	GlobalSection(SolutionConfigurationPlatforms) = preSolution
		Debug|Any CPU = Debug|Any CPU
		Release|Any CPU = Release|Any CPU
	EndGlobalSection
	GlobalSection(ProjectConfigurationPlatforms) = postSolution
		{BC3C0011-6B47-458E-AEB9-11DA92C7E01B}.Debug|Any CPU.ActiveCfg = Debug|Any CPU
		{BC3C0011-6B47-458E-AEB9-11DA92C7E01B}.Debug|Any CPU.Build.0 = Debug|Any CPU
		{BC3C0011-6B47-458E-AEB9-11DA92C7E01B}.Release|Any CPU.ActiveCfg = Release|Any CPU
		{BC3C0011-6B47-458E-AEB9-11DA92C7E01B}.Release|Any CPU.Build.0 = Release|Any CPU
		{64D29550-97C3-4C50-8D2F-FCBEB6B4EFF4}.Debug|Any CPU.ActiveCfg = Debug|Any CPU
		{64D29550-97C3-4C50-8D2F-FCBEB6B4EFF4}.Debug|Any CPU.Build.0 = Debug|Any CPU
		{64D29550-97C3-4C50-8D2F-FCBEB6B4EFF4}.Release|Any CPU.ActiveCfg = Release|Any CPU
		{64D29550-97C3-4C50-8D2F-FCBEB6B4EFF4}.Release|Any CPU.Build.0 = Release|Any CPU
	EndGlobalSection
	GlobalSection(SolutionProperties) = preSolution
		HideSolutionNode = FALSE
	EndGlobalSection
	GlobalSection(ExtensibilityGlobals) = postSolution
		SolutionGuid = {1AD445EE-7B92-4122-AA16-EE0BB3A96282}
	EndGlobalSection
EndGlobal
