
Microsoft Visual Studio Solution File, Format Version 12.00
# Visual Studio 15
VisualStudioVersion = 15.0.27703.2042
MinimumVisualStudioVersion = 10.0.40219.1
Project("{9A19103F-16F7-4668-BE54-9A1E7A4F7556}") = "TestEnvironmentSetup", "..\1. TestEnvironmentSetup\TestEnvironmentSetup.csproj", "{4F5E87EE-AC97-4EC3-B2DB-23372EA5E4A8}"
EndProject
Project("{2150E333-8FDC-42A3-9474-1A3956D46DE8}") = "1. TestEnvironmentSetup", "1. TestEnvironmentSetup", "{784E6F1E-F1E6-4011-922D-13F75D75B5FE}"
EndProject
Project("{2150E333-8FDC-42A3-9474-1A3956D46DE8}") = "2. CreateModelSetSample", "2. CreateModelSetSample", "{E55CC3D8-E943-4358-91AD-DD83C6EDD8F8}"
EndProject
Project("{2150E333-8FDC-42A3-9474-1A3956D46DE8}") = "3. GetModelSetAndVersionsSample", "3. GetModelSetAndVersionsSample", "{40C46B3F-B545-4D01-9F7B-3402922976D9}"
EndProject
Project("{2150E333-8FDC-42A3-9474-1A3956D46DE8}") = "4. GetClashResultsSample", "4. GetClashResultsSample", "{9FBE632D-C04A-4605-8347-8BD40790568B}"
EndProject
Project("{2150E333-8FDC-42A3-9474-1A3956D46DE8}") = "5. QueryModelSetVersionIndexSample", "5. QueryModelSetVersionIndexSample", "{07661425-A18A-4521-A868-26BE3CFD0D1F}"
EndProject
Project("{2150E333-8FDC-42A3-9474-1A3956D46DE8}") = "6. CreateAndQueryViewsSample", "6. CreateAndQueryViewsSample", "{A985B4F4-B30C-4DB2-9360-17FC8C69C68D}"
EndProject
Project("{2150E333-8FDC-42A3-9474-1A3956D46DE8}") = "7. ClassifyClashingObjectsSample", "7. ClassifyClashingObjectsSample", "{0C8CA017-2CFD-4FB7-99B2-BE5126A5D8CD}"
EndProject
Project("{2150E333-8FDC-42A3-9474-1A3956D46DE8}") = "8. AssignedAndClosedClashGroupSample", "8. AssignedAndClosedClashGroupSample", "{85143FFE-450F-466B-8B9D-7C56D37D9844}"
EndProject
Project("{2150E333-8FDC-42A3-9474-1A3956D46DE8}") = "Auxiliary", "Auxiliary", "{5C386C1D-5B7B-4EB9-81C8-0F0ED1525D33}"
EndProject
Project("{9A19103F-16F7-4668-BE54-9A1E7A4F7556}") = "CreateModelSetSample", "..\2. CreateModelSetSample\CreateModelSetSample.csproj", "{0B37360D-0362-473E-98E5-566D336BC689}"
EndProject
Project("{9A19103F-16F7-4668-BE54-9A1E7A4F7556}") = "GetModelSetAndVersionsSample", "..\3. GetModelSetAndVersionsSample\GetModelSetAndVersionsSample.csproj", "{9A5DDB6A-826C-4D7D-8823-4A5DA94D49BB}"
EndProject
Project("{9A19103F-16F7-4668-BE54-9A1E7A4F7556}") = "GetClashResultsSample", "..\4. GetClashResultsSample\GetClashResultsSample.csproj", "{C548DF4A-2750-4E33-81A9-6E580E046EE9}"
EndProject
Project("{9A19103F-16F7-4668-BE54-9A1E7A4F7556}") = "QueryModelSetVersionIndexSample", "..\5. QueryModelSetVersionIndexSample\QueryModelSetVersionIndexSample.csproj", "{9E3D26D6-7E1C-43BA-8785-193EE433A753}"
EndProject
Project("{9A19103F-16F7-4668-BE54-9A1E7A4F7556}") = "CreateAndQueryViewsSample", "..\6. CreateAndQueryViewsSample\CreateAndQueryViewsSample.csproj", "{CF5CC088-AF32-4EE0-B236-148D0C3E558A}"
EndProject
Project("{9A19103F-16F7-4668-BE54-9A1E7A4F7556}") = "ClassifyClashingObjectsSample", "..\7. ClassifyClashingObjectsSample\ClassifyClashingObjectsSample.csproj", "{009FDABE-97EB-4738-826A-A908F1D26995}"
EndProject
Project("{9A19103F-16F7-4668-BE54-9A1E7A4F7556}") = "AssignedAndClosedClashGroupSample", "..\8. AssignedAndClosedClashGroupSample\AssignedAndClosedClashGroupSample.csproj", "{4C709382-FDCF-4F78-8EC8-9744A872F36E}"
EndProject
Project("{9A19103F-16F7-4668-BE54-9A1E7A4F7556}") = "Forge.Automation", "..\Auxiliary\Automation\Forge.Automation.csproj", "{2A56AD34-5549-4AC1-A75C-4062CFC63923}"
EndProject
Project("{9A19103F-16F7-4668-BE54-9A1E7A4F7556}") = "Sample.Forge", "..\Auxiliary\Forge\Sample.Forge.csproj", "{EEDC67BC-10CF-420B-A569-9BA7DE6DD7D9}"
EndProject
Project("{9A19103F-16F7-4668-BE54-9A1E7A4F7556}") = "MCConfig", "..\Auxiliary\MCConfig\MCConfig.csproj", "{D399573F-D70E-45C0-BC99-DD3A8B0F9063}"
EndProject
Global
	GlobalSection(SolutionConfigurationPlatforms) = preSolution
		Debug|Any CPU = Debug|Any CPU
		Release|Any CPU = Release|Any CPU
	EndGlobalSection
	GlobalSection(ProjectConfigurationPlatforms) = postSolution
		{4F5E87EE-AC97-4EC3-B2DB-23372EA5E4A8}.Debug|Any CPU.ActiveCfg = Debug|Any CPU
		{4F5E87EE-AC97-4EC3-B2DB-23372EA5E4A8}.Debug|Any CPU.Build.0 = Debug|Any CPU
		{4F5E87EE-AC97-4EC3-B2DB-23372EA5E4A8}.Release|Any CPU.ActiveCfg = Release|Any CPU
		{4F5E87EE-AC97-4EC3-B2DB-23372EA5E4A8}.Release|Any CPU.Build.0 = Release|Any CPU
		{0B37360D-0362-473E-98E5-566D336BC689}.Debug|Any CPU.ActiveCfg = Debug|Any CPU
		{0B37360D-0362-473E-98E5-566D336BC689}.Debug|Any CPU.Build.0 = Debug|Any CPU
		{0B37360D-0362-473E-98E5-566D336BC689}.Release|Any CPU.ActiveCfg = Release|Any CPU
		{0B37360D-0362-473E-98E5-566D336BC689}.Release|Any CPU.Build.0 = Release|Any CPU
		{9A5DDB6A-826C-4D7D-8823-4A5DA94D49BB}.Debug|Any CPU.ActiveCfg = Debug|Any CPU
		{9A5DDB6A-826C-4D7D-8823-4A5DA94D49BB}.Debug|Any CPU.Build.0 = Debug|Any CPU
		{9A5DDB6A-826C-4D7D-8823-4A5DA94D49BB}.Release|Any CPU.ActiveCfg = Release|Any CPU
		{9A5DDB6A-826C-4D7D-8823-4A5DA94D49BB}.Release|Any CPU.Build.0 = Release|Any CPU
		{C548DF4A-2750-4E33-81A9-6E580E046EE9}.Debug|Any CPU.ActiveCfg = Debug|Any CPU
		{C548DF4A-2750-4E33-81A9-6E580E046EE9}.Debug|Any CPU.Build.0 = Debug|Any CPU
		{C548DF4A-2750-4E33-81A9-6E580E046EE9}.Release|Any CPU.ActiveCfg = Release|Any CPU
		{C548DF4A-2750-4E33-81A9-6E580E046EE9}.Release|Any CPU.Build.0 = Release|Any CPU
		{9E3D26D6-7E1C-43BA-8785-193EE433A753}.Debug|Any CPU.ActiveCfg = Debug|Any CPU
		{9E3D26D6-7E1C-43BA-8785-193EE433A753}.Debug|Any CPU.Build.0 = Debug|Any CPU
		{9E3D26D6-7E1C-43BA-8785-193EE433A753}.Release|Any CPU.ActiveCfg = Release|Any CPU
		{9E3D26D6-7E1C-43BA-8785-193EE433A753}.Release|Any CPU.Build.0 = Release|Any CPU
		{CF5CC088-AF32-4EE0-B236-148D0C3E558A}.Debug|Any CPU.ActiveCfg = Debug|Any CPU
		{CF5CC088-AF32-4EE0-B236-148D0C3E558A}.Debug|Any CPU.Build.0 = Debug|Any CPU
		{CF5CC088-AF32-4EE0-B236-148D0C3E558A}.Release|Any CPU.ActiveCfg = Release|Any CPU
		{CF5CC088-AF32-4EE0-B236-148D0C3E558A}.Release|Any CPU.Build.0 = Release|Any CPU
		{009FDABE-97EB-4738-826A-A908F1D26995}.Debug|Any CPU.ActiveCfg = Debug|Any CPU
		{009FDABE-97EB-4738-826A-A908F1D26995}.Debug|Any CPU.Build.0 = Debug|Any CPU
		{009FDABE-97EB-4738-826A-A908F1D26995}.Release|Any CPU.ActiveCfg = Release|Any CPU
		{009FDABE-97EB-4738-826A-A908F1D26995}.Release|Any CPU.Build.0 = Release|Any CPU
		{4C709382-FDCF-4F78-8EC8-9744A872F36E}.Debug|Any CPU.ActiveCfg = Debug|Any CPU
		{4C709382-FDCF-4F78-8EC8-9744A872F36E}.Debug|Any CPU.Build.0 = Debug|Any CPU
		{4C709382-FDCF-4F78-8EC8-9744A872F36E}.Release|Any CPU.ActiveCfg = Release|Any CPU
		{4C709382-FDCF-4F78-8EC8-9744A872F36E}.Release|Any CPU.Build.0 = Release|Any CPU
		{2A56AD34-5549-4AC1-A75C-4062CFC63923}.Debug|Any CPU.ActiveCfg = Debug|Any CPU
		{2A56AD34-5549-4AC1-A75C-4062CFC63923}.Debug|Any CPU.Build.0 = Debug|Any CPU
		{2A56AD34-5549-4AC1-A75C-4062CFC63923}.Release|Any CPU.ActiveCfg = Release|Any CPU
		{2A56AD34-5549-4AC1-A75C-4062CFC63923}.Release|Any CPU.Build.0 = Release|Any CPU
		{EEDC67BC-10CF-420B-A569-9BA7DE6DD7D9}.Debug|Any CPU.ActiveCfg = Debug|Any CPU
		{EEDC67BC-10CF-420B-A569-9BA7DE6DD7D9}.Debug|Any CPU.Build.0 = Debug|Any CPU
		{EEDC67BC-10CF-420B-A569-9BA7DE6DD7D9}.Release|Any CPU.ActiveCfg = Release|Any CPU
		{EEDC67BC-10CF-420B-A569-9BA7DE6DD7D9}.Release|Any CPU.Build.0 = Release|Any CPU
		{D399573F-D70E-45C0-BC99-DD3A8B0F9063}.Debug|Any CPU.ActiveCfg = Debug|Any CPU
		{D399573F-D70E-45C0-BC99-DD3A8B0F9063}.Debug|Any CPU.Build.0 = Debug|Any CPU
		{D399573F-D70E-45C0-BC99-DD3A8B0F9063}.Release|Any CPU.ActiveCfg = Release|Any CPU
		{D399573F-D70E-45C0-BC99-DD3A8B0F9063}.Release|Any CPU.Build.0 = Release|Any CPU
	EndGlobalSection
	GlobalSection(SolutionProperties) = preSolution
		HideSolutionNode = FALSE
	EndGlobalSection
	GlobalSection(NestedProjects) = preSolution
		{4F5E87EE-AC97-4EC3-B2DB-23372EA5E4A8} = {784E6F1E-F1E6-4011-922D-13F75D75B5FE}
		{0B37360D-0362-473E-98E5-566D336BC689} = {E55CC3D8-E943-4358-91AD-DD83C6EDD8F8}
		{9A5DDB6A-826C-4D7D-8823-4A5DA94D49BB} = {40C46B3F-B545-4D01-9F7B-3402922976D9}
		{C548DF4A-2750-4E33-81A9-6E580E046EE9} = {9FBE632D-C04A-4605-8347-8BD40790568B}
		{9E3D26D6-7E1C-43BA-8785-193EE433A753} = {07661425-A18A-4521-A868-26BE3CFD0D1F}
		{CF5CC088-AF32-4EE0-B236-148D0C3E558A} = {A985B4F4-B30C-4DB2-9360-17FC8C69C68D}
		{009FDABE-97EB-4738-826A-A908F1D26995} = {0C8CA017-2CFD-4FB7-99B2-BE5126A5D8CD}
		{4C709382-FDCF-4F78-8EC8-9744A872F36E} = {85143FFE-450F-466B-8B9D-7C56D37D9844}
		{2A56AD34-5549-4AC1-A75C-4062CFC63923} = {5C386C1D-5B7B-4EB9-81C8-0F0ED1525D33}
		{EEDC67BC-10CF-420B-A569-9BA7DE6DD7D9} = {5C386C1D-5B7B-4EB9-81C8-0F0ED1525D33}
		{D399573F-D70E-45C0-BC99-DD3A8B0F9063} = {5C386C1D-5B7B-4EB9-81C8-0F0ED1525D33}
	EndGlobalSection
	GlobalSection(ExtensibilityGlobals) = postSolution
		SolutionGuid = {4AE95245-7447-4389-8429-025197C29729}
	EndGlobalSection
EndGlobal
