
Microsoft Visual Studio Solution File, Format Version 12.00
# Visual Studio Version 16
VisualStudioVersion = 16.0.29102.190
MinimumVisualStudioVersion = 10.0.40219.1
Project("{9A19103F-16F7-4668-BE54-9A1E7A4F7556}") = "MCCommon", "..\..\tools\dotnet\src\MCCommon\MCCommon.csproj", "{55104EF5-5BE5-4C2B-816E-D5BFAB3CDEED}"
EndProject
Project("{9A19103F-16F7-4668-BE54-9A1E7A4F7556}") = "CreateModelSet", "src\CreateModelSet\CreateModelSet.csproj", "{A7A3336C-5947-4F8F-9B91-2707577D22F1}"
EndProject
Project("{2150E333-8FDC-42A3-9474-1A3956D46DE8}") = "2. Create Test Model Set", "2. Create Test Model Set", "{D26324A7-5497-4C86-837E-01CE6F61FEDC}"
EndProject
Project("{9A19103F-16F7-4668-BE54-9A1E7A4F7556}") = "TestEnvironmentSetup", "src\TestEnvironmentSetup\TestEnvironmentSetup.csproj", "{1475FCD1-7EF9-4AA1-983D-5F99B8930CF6}"
EndProject
Project("{2150E333-8FDC-42A3-9474-1A3956D46DE8}") = "1. Check Environment Setup", "1. Check Environment Setup", "{E6729C48-6DDB-450A-A40D-0ECD0FA113A8}"
EndProject
Project("{9A19103F-16F7-4668-BE54-9A1E7A4F7556}") = "MCSample", "src\MCSample\MCSample.csproj", "{247F9F39-FF3B-42FA-9A0D-DE9E6BC9B7EE}"
EndProject
Project("{9A19103F-16F7-4668-BE54-9A1E7A4F7556}") = "MCClean", "src\MCClean\MCClean.csproj", "{E7302E2E-6F7D-4F83-A281-5D2F37FBF0A4}"
EndProject
Project("{9A19103F-16F7-4668-BE54-9A1E7A4F7556}") = "QueryModelSet", "src\QueryModelSet\QueryModelSet.csproj", "{DE4C3471-6B01-4BF9-992B-5F05A20343DB}"
EndProject
Project("{2150E333-8FDC-42A3-9474-1A3956D46DE8}") = "3. Query Model Set and Versions", "3. Query Model Set and Versions", "{7CF77A55-472C-46C7-96C8-B3B7052660AD}"
EndProject
Project("{2150E333-8FDC-42A3-9474-1A3956D46DE8}") = "4. Query Clash Test Results", "4. Query Clash Test Results", "{025B4BF4-A8D0-4410-B4EA-AC2825326866}"
EndProject
Project("{9A19103F-16F7-4668-BE54-9A1E7A4F7556}") = "MCQuery", "src\MCQuery\MCQuery.csproj", "{BB08B8EA-3706-4795-9FDD-3FC2B9F0B2C0}"
EndProject
Project("{9A19103F-16F7-4668-BE54-9A1E7A4F7556}") = "QueryClashTestResults", "src\QueryClashTestResults\QueryClashTestResults.csproj", "{26BAF93F-AAA7-4681-BF92-0AE6C7EE99DB}"
EndProject
Project("{9A19103F-16F7-4668-BE54-9A1E7A4F7556}") = "CosmoDbUploader", "src\CosmoDbUploader\CosmoDbUploader.csproj", "{3F93CDD0-8FAC-42E6-B596-D2CFDBD7866B}"
EndProject
Project("{2150E333-8FDC-42A3-9474-1A3956D46DE8}") = "7. Upload ClashResults to Azure Cosmo DB", "7. Upload ClashResults to Azure Cosmo DB", "{C554546C-4857-4F3A-B5E4-C08378CDF961}"
EndProject
Project("{9A19103F-16F7-4668-BE54-9A1E7A4F7556}") = "ModelSetViews", "src\ModelSetViews\ModelSetViews.csproj", "{E44B143C-D671-4B2D-A4E5-7695FE98DE8B}"
EndProject
Project("{2150E333-8FDC-42A3-9474-1A3956D46DE8}") = "5. Working With Model Set Views", "5. Working With Model Set Views", "{A354E188-BD9D-4736-A4CF-B8AA537F91F5}"
EndProject
Project("{2150E333-8FDC-42A3-9474-1A3956D46DE8}") = "Utilities", "Utilities", "{C847BA4C-DCFC-466E-8455-48719650F20A}"
EndProject
Project("{2150E333-8FDC-42A3-9474-1A3956D46DE8}") = "Shared", "Shared", "{EA6C63A0-A58F-47C4-82EB-9CBACDEC11A9}"
EndProject
Project("{2150E333-8FDC-42A3-9474-1A3956D46DE8}") = "Postman", "Postman", "{099170F2-EC5A-4743-925C-7C9D439DF812}"
	ProjectSection(SolutionItems) = preProject
		..\postman\mcsample.postman_collection.json = ..\postman\mcsample.postman_collection.json
	EndProjectSection
EndProject
Project("{2150E333-8FDC-42A3-9474-1A3956D46DE8}") = "6. Query Moel Set Index", "6. Query Moel Set Index", "{2EB0DFE5-9C1D-45EC-A4D9-940C3162CE87}"
EndProject
Project("{9A19103F-16F7-4668-BE54-9A1E7A4F7556}") = "QueryModelSetVersionIndex", "src\QueryModelSetVersionIndex\QueryModelSetVersionIndex.csproj", "{B0B8F580-4337-4FAB-9271-B59B69A47E38}"
EndProject
Project("{9A19103F-16F7-4668-BE54-9A1E7A4F7556}") = "QueryAssignedClosedClash", "src\QueryAssignedClosedClash\QueryAssignedClosedClash.csproj", "{E71AE07E-2E5C-4824-9ADA-0900B76B4BAC}"
EndProject
Project("{2150E333-8FDC-42A3-9474-1A3956D46DE8}") = "8. Query Assigned and Closed Clash Groups", "8. Query Assigned and Closed Clash Groups", "{F2C9FA5F-D216-45DA-968A-7B62F4E3D1F9}"
EndProject
Project("{9A19103F-16F7-4668-BE54-9A1E7A4F7556}") = "GreeterApp", "src\GreeterApp\GreeterApp.csproj", "{F44B5290-4AE4-4C8A-8EAC-B2256A18EBAE}"
EndProject
Global
	GlobalSection(SolutionConfigurationPlatforms) = preSolution
		Debug|Any CPU = Debug|Any CPU
		Release|Any CPU = Release|Any CPU
	EndGlobalSection
	GlobalSection(ProjectConfigurationPlatforms) = postSolution
		{55104EF5-5BE5-4C2B-816E-D5BFAB3CDEED}.Debug|Any CPU.ActiveCfg = Debug|Any CPU
		{55104EF5-5BE5-4C2B-816E-D5BFAB3CDEED}.Debug|Any CPU.Build.0 = Debug|Any CPU
		{55104EF5-5BE5-4C2B-816E-D5BFAB3CDEED}.Release|Any CPU.ActiveCfg = Release|Any CPU
		{55104EF5-5BE5-4C2B-816E-D5BFAB3CDEED}.Release|Any CPU.Build.0 = Release|Any CPU
		{A7A3336C-5947-4F8F-9B91-2707577D22F1}.Debug|Any CPU.ActiveCfg = Debug|Any CPU
		{A7A3336C-5947-4F8F-9B91-2707577D22F1}.Debug|Any CPU.Build.0 = Debug|Any CPU
		{A7A3336C-5947-4F8F-9B91-2707577D22F1}.Release|Any CPU.ActiveCfg = Release|Any CPU
		{A7A3336C-5947-4F8F-9B91-2707577D22F1}.Release|Any CPU.Build.0 = Release|Any CPU
		{1475FCD1-7EF9-4AA1-983D-5F99B8930CF6}.Debug|Any CPU.ActiveCfg = Debug|Any CPU
		{1475FCD1-7EF9-4AA1-983D-5F99B8930CF6}.Debug|Any CPU.Build.0 = Debug|Any CPU
		{1475FCD1-7EF9-4AA1-983D-5F99B8930CF6}.Release|Any CPU.ActiveCfg = Release|Any CPU
		{1475FCD1-7EF9-4AA1-983D-5F99B8930CF6}.Release|Any CPU.Build.0 = Release|Any CPU
		{247F9F39-FF3B-42FA-9A0D-DE9E6BC9B7EE}.Debug|Any CPU.ActiveCfg = Debug|Any CPU
		{247F9F39-FF3B-42FA-9A0D-DE9E6BC9B7EE}.Debug|Any CPU.Build.0 = Debug|Any CPU
		{247F9F39-FF3B-42FA-9A0D-DE9E6BC9B7EE}.Release|Any CPU.ActiveCfg = Release|Any CPU
		{247F9F39-FF3B-42FA-9A0D-DE9E6BC9B7EE}.Release|Any CPU.Build.0 = Release|Any CPU
		{E7302E2E-6F7D-4F83-A281-5D2F37FBF0A4}.Debug|Any CPU.ActiveCfg = Debug|Any CPU
		{E7302E2E-6F7D-4F83-A281-5D2F37FBF0A4}.Debug|Any CPU.Build.0 = Debug|Any CPU
		{E7302E2E-6F7D-4F83-A281-5D2F37FBF0A4}.Release|Any CPU.ActiveCfg = Release|Any CPU
		{E7302E2E-6F7D-4F83-A281-5D2F37FBF0A4}.Release|Any CPU.Build.0 = Release|Any CPU
		{DE4C3471-6B01-4BF9-992B-5F05A20343DB}.Debug|Any CPU.ActiveCfg = Debug|Any CPU
		{DE4C3471-6B01-4BF9-992B-5F05A20343DB}.Debug|Any CPU.Build.0 = Debug|Any CPU
		{DE4C3471-6B01-4BF9-992B-5F05A20343DB}.Release|Any CPU.ActiveCfg = Release|Any CPU
		{DE4C3471-6B01-4BF9-992B-5F05A20343DB}.Release|Any CPU.Build.0 = Release|Any CPU
		{BB08B8EA-3706-4795-9FDD-3FC2B9F0B2C0}.Debug|Any CPU.ActiveCfg = Debug|Any CPU
		{BB08B8EA-3706-4795-9FDD-3FC2B9F0B2C0}.Debug|Any CPU.Build.0 = Debug|Any CPU
		{BB08B8EA-3706-4795-9FDD-3FC2B9F0B2C0}.Release|Any CPU.ActiveCfg = Release|Any CPU
		{BB08B8EA-3706-4795-9FDD-3FC2B9F0B2C0}.Release|Any CPU.Build.0 = Release|Any CPU
		{26BAF93F-AAA7-4681-BF92-0AE6C7EE99DB}.Debug|Any CPU.ActiveCfg = Debug|Any CPU
		{26BAF93F-AAA7-4681-BF92-0AE6C7EE99DB}.Debug|Any CPU.Build.0 = Debug|Any CPU
		{26BAF93F-AAA7-4681-BF92-0AE6C7EE99DB}.Release|Any CPU.ActiveCfg = Release|Any CPU
		{26BAF93F-AAA7-4681-BF92-0AE6C7EE99DB}.Release|Any CPU.Build.0 = Release|Any CPU
		{3F93CDD0-8FAC-42E6-B596-D2CFDBD7866B}.Debug|Any CPU.ActiveCfg = Debug|Any CPU
		{3F93CDD0-8FAC-42E6-B596-D2CFDBD7866B}.Debug|Any CPU.Build.0 = Debug|Any CPU
		{3F93CDD0-8FAC-42E6-B596-D2CFDBD7866B}.Release|Any CPU.ActiveCfg = Release|Any CPU
		{3F93CDD0-8FAC-42E6-B596-D2CFDBD7866B}.Release|Any CPU.Build.0 = Release|Any CPU
		{E44B143C-D671-4B2D-A4E5-7695FE98DE8B}.Debug|Any CPU.ActiveCfg = Debug|Any CPU
		{E44B143C-D671-4B2D-A4E5-7695FE98DE8B}.Debug|Any CPU.Build.0 = Debug|Any CPU
		{E44B143C-D671-4B2D-A4E5-7695FE98DE8B}.Release|Any CPU.ActiveCfg = Release|Any CPU
		{E44B143C-D671-4B2D-A4E5-7695FE98DE8B}.Release|Any CPU.Build.0 = Release|Any CPU
		{B0B8F580-4337-4FAB-9271-B59B69A47E38}.Debug|Any CPU.ActiveCfg = Debug|Any CPU
		{B0B8F580-4337-4FAB-9271-B59B69A47E38}.Debug|Any CPU.Build.0 = Debug|Any CPU
		{B0B8F580-4337-4FAB-9271-B59B69A47E38}.Release|Any CPU.ActiveCfg = Release|Any CPU
		{B0B8F580-4337-4FAB-9271-B59B69A47E38}.Release|Any CPU.Build.0 = Release|Any CPU
		{E71AE07E-2E5C-4824-9ADA-0900B76B4BAC}.Debug|Any CPU.ActiveCfg = Debug|Any CPU
		{E71AE07E-2E5C-4824-9ADA-0900B76B4BAC}.Debug|Any CPU.Build.0 = Debug|Any CPU
		{E71AE07E-2E5C-4824-9ADA-0900B76B4BAC}.Release|Any CPU.ActiveCfg = Release|Any CPU
		{E71AE07E-2E5C-4824-9ADA-0900B76B4BAC}.Release|Any CPU.Build.0 = Release|Any CPU
		{F44B5290-4AE4-4C8A-8EAC-B2256A18EBAE}.Debug|Any CPU.ActiveCfg = Debug|Any CPU
		{F44B5290-4AE4-4C8A-8EAC-B2256A18EBAE}.Debug|Any CPU.Build.0 = Debug|Any CPU
		{F44B5290-4AE4-4C8A-8EAC-B2256A18EBAE}.Release|Any CPU.ActiveCfg = Release|Any CPU
		{F44B5290-4AE4-4C8A-8EAC-B2256A18EBAE}.Release|Any CPU.Build.0 = Release|Any CPU
	EndGlobalSection
	GlobalSection(SolutionProperties) = preSolution
		HideSolutionNode = FALSE
	EndGlobalSection
	GlobalSection(NestedProjects) = preSolution
		{55104EF5-5BE5-4C2B-816E-D5BFAB3CDEED} = {EA6C63A0-A58F-47C4-82EB-9CBACDEC11A9}
		{A7A3336C-5947-4F8F-9B91-2707577D22F1} = {D26324A7-5497-4C86-837E-01CE6F61FEDC}
		{1475FCD1-7EF9-4AA1-983D-5F99B8930CF6} = {E6729C48-6DDB-450A-A40D-0ECD0FA113A8}
		{247F9F39-FF3B-42FA-9A0D-DE9E6BC9B7EE} = {EA6C63A0-A58F-47C4-82EB-9CBACDEC11A9}
		{E7302E2E-6F7D-4F83-A281-5D2F37FBF0A4} = {C847BA4C-DCFC-466E-8455-48719650F20A}
		{DE4C3471-6B01-4BF9-992B-5F05A20343DB} = {7CF77A55-472C-46C7-96C8-B3B7052660AD}
		{BB08B8EA-3706-4795-9FDD-3FC2B9F0B2C0} = {C847BA4C-DCFC-466E-8455-48719650F20A}
		{26BAF93F-AAA7-4681-BF92-0AE6C7EE99DB} = {025B4BF4-A8D0-4410-B4EA-AC2825326866}
		{3F93CDD0-8FAC-42E6-B596-D2CFDBD7866B} = {C554546C-4857-4F3A-B5E4-C08378CDF961}
		{E44B143C-D671-4B2D-A4E5-7695FE98DE8B} = {A354E188-BD9D-4736-A4CF-B8AA537F91F5}
		{B0B8F580-4337-4FAB-9271-B59B69A47E38} = {2EB0DFE5-9C1D-45EC-A4D9-940C3162CE87}
		{E71AE07E-2E5C-4824-9ADA-0900B76B4BAC} = {F2C9FA5F-D216-45DA-968A-7B62F4E3D1F9}
		{F44B5290-4AE4-4C8A-8EAC-B2256A18EBAE} = {C847BA4C-DCFC-466E-8455-48719650F20A}
	EndGlobalSection
	GlobalSection(ExtensibilityGlobals) = postSolution
		SolutionGuid = {73CD1936-66C4-4EF6-867B-61A5585467A4}
	EndGlobalSection
EndGlobal
