
Microsoft Visual Studio Solution File, Format Version 12.00
# Visual Studio Version 16
VisualStudioVersion = 16.0.29430.225
MinimumVisualStudioVersion = 10.0.40219.1
Project("{2150E333-8FDC-42A3-9474-1A3956D46DE8}") = "git", "git", "{A8CD4400-F6E7-4FD3-90BA-4AB68975043B}"
	ProjectSection(SolutionItems) = preProject
		..\.gitattributes = ..\.gitattributes
		..\.gitignore = ..\.gitignore
		..\README.md = ..\README.md
	EndProjectSection
EndProject
Project("{9A19103F-16F7-4668-BE54-9A1E7A4F7556}") = "Sample.Forge", "Forge\Sample.Forge.csproj", "{2C81F586-0311-41F9-8274-A43111EE7BDF}"
EndProject
Project("{2150E333-8FDC-42A3-9474-1A3956D46DE8}") = "1. Test Environment Setup", "1. Test Environment Setup", "{872C13D5-89AB-46FD-9FB7-F0E312D89019}"
EndProject
Project("{9A19103F-16F7-4668-BE54-9A1E7A4F7556}") = "TestEnvironmentSetup", "TestEnvironmentSetup\TestEnvironmentSetup.csproj", "{551855B4-4F91-4B59-A8BE-5A35AF6ECCB4}"
EndProject
Project("{2150E333-8FDC-42A3-9474-1A3956D46DE8}") = "2. Create Model Set", "2. Create Model Set", "{93D528F4-B841-450D-AD9A-648069DC2369}"
EndProject
Project("{9A19103F-16F7-4668-BE54-9A1E7A4F7556}") = "CreateModelSetSample", "CreateModelSetSample\CreateModelSetSample.csproj", "{FF029435-5E1E-4F0B-AB4E-14A8A7ED9E42}"
EndProject
Project("{2150E333-8FDC-42A3-9474-1A3956D46DE8}") = "3. Get Model Set Version", "3. Get Model Set Version", "{4097CC0D-20CC-43E4-916A-F965531EE112}"
EndProject
Project("{9A19103F-16F7-4668-BE54-9A1E7A4F7556}") = "GetModelSetAndVersionsSample", "GetModelSetAndVersionsSample\GetModelSetAndVersionsSample.csproj", "{48F4DF26-0661-44FC-891A-C6624990F26D}"
EndProject
Project("{2150E333-8FDC-42A3-9474-1A3956D46DE8}") = "4. Get Model Set Version Clash Results", "4. Get Model Set Version Clash Results", "{E2BC41DB-6AEC-433F-BA7B-41FCDAFDF65C}"
EndProject
Project("{9A19103F-16F7-4668-BE54-9A1E7A4F7556}") = "GetClashResultsSample", "GetClashResultsSample\GetClashResultsSample.csproj", "{FB265853-8F44-4437-AB4C-DA9E91B024EC}"
EndProject
Project("{2150E333-8FDC-42A3-9474-1A3956D46DE8}") = "Samples", "Samples", "{B224FCF6-81E1-4DD6-8F23-02C21887C251}"
EndProject
Project("{2150E333-8FDC-42A3-9474-1A3956D46DE8}") = "5. Query Assigned and Closed Clash Groups", "5. Query Assigned and Closed Clash Groups", "{E0AEB022-E9D7-4B28-8077-AFD4F63D5926}"
EndProject
Project("{9A19103F-16F7-4668-BE54-9A1E7A4F7556}") = "AssignedAndClosedClashGroupSample", "AssignedAndClosedClashGroupSample\AssignedAndClosedClashGroupSample.csproj", "{B13F5898-7F05-439F-B4EF-44FA44E8521F}"
EndProject
Project("{9A19103F-16F7-4668-BE54-9A1E7A4F7556}") = "AuthWeb", "AuthWeb\AuthWeb.csproj", "{FE73663C-C417-41D3-8806-B2A470C4994F}"
EndProject
Project("{2150E333-8FDC-42A3-9474-1A3956D46DE8}") = "6. Query Model Set Verison Index", "6. Query Model Set Verison Index", "{8B9DAAB3-A0A7-4734-B6B7-901C4F117BC8}"
EndProject
Project("{9A19103F-16F7-4668-BE54-9A1E7A4F7556}") = "QueryModelSetVersionIndexSample", "QueryModelSetVersionIndexSample\QueryModelSetVersionIndexSample.csproj", "{23A11932-4303-4BF6-B986-E507518AB453}"
EndProject
Project("{9A19103F-16F7-4668-BE54-9A1E7A4F7556}") = "MCConfig", "MCConfig\MCConfig.csproj", "{7747739F-BD4F-4D4C-82CB-054D0FC547DD}"
EndProject
Project("{2150E333-8FDC-42A3-9474-1A3956D46DE8}") = "7. Create and Query Model Set Views", "7. Create and Query Model Set Views", "{F2F9D502-CAC8-4FAD-94BD-0F10579ABA84}"
EndProject
Project("{9A19103F-16F7-4668-BE54-9A1E7A4F7556}") = "CreateAndQueryViewsSample", "CreateAndQueryViewsSample\CreateAndQueryViewsSample.csproj", "{32000F96-D9F7-4975-942B-FE6D55A2F23C}"
EndProject
Project("{2150E333-8FDC-42A3-9474-1A3956D46DE8}") = "8. Classify Clashing Objects", "8. Classify Clashing Objects", "{D0EDD4D4-230B-421C-B59A-96BA7E343F8D}"
EndProject
Project("{9A19103F-16F7-4668-BE54-9A1E7A4F7556}") = "ClassifyClashingObjectsSample", "ClassifyClashingObjectsSample\ClassifyClashingObjectsSample.csproj", "{C06C44EF-7635-4CD3-8D51-122056B6A363}"
EndProject
Project("{9A19103F-16F7-4668-BE54-9A1E7A4F7556}") = "Forge.Automation", "Automation\Forge.Automation.csproj", "{F6AD38C1-B74F-416B-92CE-07FECD8E4A5B}"
EndProject
Global
	GlobalSection(SolutionConfigurationPlatforms) = preSolution
		Debug|Any CPU = Debug|Any CPU
		Release|Any CPU = Release|Any CPU
	EndGlobalSection
	GlobalSection(ProjectConfigurationPlatforms) = postSolution
		{2C81F586-0311-41F9-8274-A43111EE7BDF}.Debug|Any CPU.ActiveCfg = Debug|Any CPU
		{2C81F586-0311-41F9-8274-A43111EE7BDF}.Debug|Any CPU.Build.0 = Debug|Any CPU
		{2C81F586-0311-41F9-8274-A43111EE7BDF}.Release|Any CPU.ActiveCfg = Release|Any CPU
		{2C81F586-0311-41F9-8274-A43111EE7BDF}.Release|Any CPU.Build.0 = Release|Any CPU
		{551855B4-4F91-4B59-A8BE-5A35AF6ECCB4}.Debug|Any CPU.ActiveCfg = Debug|Any CPU
		{551855B4-4F91-4B59-A8BE-5A35AF6ECCB4}.Debug|Any CPU.Build.0 = Debug|Any CPU
		{551855B4-4F91-4B59-A8BE-5A35AF6ECCB4}.Release|Any CPU.ActiveCfg = Release|Any CPU
		{551855B4-4F91-4B59-A8BE-5A35AF6ECCB4}.Release|Any CPU.Build.0 = Release|Any CPU
		{FF029435-5E1E-4F0B-AB4E-14A8A7ED9E42}.Debug|Any CPU.ActiveCfg = Debug|Any CPU
		{FF029435-5E1E-4F0B-AB4E-14A8A7ED9E42}.Debug|Any CPU.Build.0 = Debug|Any CPU
		{FF029435-5E1E-4F0B-AB4E-14A8A7ED9E42}.Release|Any CPU.ActiveCfg = Release|Any CPU
		{FF029435-5E1E-4F0B-AB4E-14A8A7ED9E42}.Release|Any CPU.Build.0 = Release|Any CPU
		{48F4DF26-0661-44FC-891A-C6624990F26D}.Debug|Any CPU.ActiveCfg = Debug|Any CPU
		{48F4DF26-0661-44FC-891A-C6624990F26D}.Debug|Any CPU.Build.0 = Debug|Any CPU
		{48F4DF26-0661-44FC-891A-C6624990F26D}.Release|Any CPU.ActiveCfg = Release|Any CPU
		{48F4DF26-0661-44FC-891A-C6624990F26D}.Release|Any CPU.Build.0 = Release|Any CPU
		{FB265853-8F44-4437-AB4C-DA9E91B024EC}.Debug|Any CPU.ActiveCfg = Debug|Any CPU
		{FB265853-8F44-4437-AB4C-DA9E91B024EC}.Debug|Any CPU.Build.0 = Debug|Any CPU
		{FB265853-8F44-4437-AB4C-DA9E91B024EC}.Release|Any CPU.ActiveCfg = Release|Any CPU
		{FB265853-8F44-4437-AB4C-DA9E91B024EC}.Release|Any CPU.Build.0 = Release|Any CPU
		{B13F5898-7F05-439F-B4EF-44FA44E8521F}.Debug|Any CPU.ActiveCfg = Debug|Any CPU
		{B13F5898-7F05-439F-B4EF-44FA44E8521F}.Debug|Any CPU.Build.0 = Debug|Any CPU
		{B13F5898-7F05-439F-B4EF-44FA44E8521F}.Release|Any CPU.ActiveCfg = Release|Any CPU
		{B13F5898-7F05-439F-B4EF-44FA44E8521F}.Release|Any CPU.Build.0 = Release|Any CPU
		{FE73663C-C417-41D3-8806-B2A470C4994F}.Debug|Any CPU.ActiveCfg = Debug|Any CPU
		{FE73663C-C417-41D3-8806-B2A470C4994F}.Debug|Any CPU.Build.0 = Debug|Any CPU
		{FE73663C-C417-41D3-8806-B2A470C4994F}.Release|Any CPU.ActiveCfg = Release|Any CPU
		{FE73663C-C417-41D3-8806-B2A470C4994F}.Release|Any CPU.Build.0 = Release|Any CPU
		{23A11932-4303-4BF6-B986-E507518AB453}.Debug|Any CPU.ActiveCfg = Debug|Any CPU
		{23A11932-4303-4BF6-B986-E507518AB453}.Debug|Any CPU.Build.0 = Debug|Any CPU
		{23A11932-4303-4BF6-B986-E507518AB453}.Release|Any CPU.ActiveCfg = Release|Any CPU
		{23A11932-4303-4BF6-B986-E507518AB453}.Release|Any CPU.Build.0 = Release|Any CPU
		{7747739F-BD4F-4D4C-82CB-054D0FC547DD}.Debug|Any CPU.ActiveCfg = Debug|Any CPU
		{7747739F-BD4F-4D4C-82CB-054D0FC547DD}.Debug|Any CPU.Build.0 = Debug|Any CPU
		{7747739F-BD4F-4D4C-82CB-054D0FC547DD}.Release|Any CPU.ActiveCfg = Release|Any CPU
		{7747739F-BD4F-4D4C-82CB-054D0FC547DD}.Release|Any CPU.Build.0 = Release|Any CPU
		{32000F96-D9F7-4975-942B-FE6D55A2F23C}.Debug|Any CPU.ActiveCfg = Debug|Any CPU
		{32000F96-D9F7-4975-942B-FE6D55A2F23C}.Debug|Any CPU.Build.0 = Debug|Any CPU
		{32000F96-D9F7-4975-942B-FE6D55A2F23C}.Release|Any CPU.ActiveCfg = Release|Any CPU
		{32000F96-D9F7-4975-942B-FE6D55A2F23C}.Release|Any CPU.Build.0 = Release|Any CPU
		{C06C44EF-7635-4CD3-8D51-122056B6A363}.Debug|Any CPU.ActiveCfg = Debug|Any CPU
		{C06C44EF-7635-4CD3-8D51-122056B6A363}.Debug|Any CPU.Build.0 = Debug|Any CPU
		{C06C44EF-7635-4CD3-8D51-122056B6A363}.Release|Any CPU.ActiveCfg = Release|Any CPU
		{C06C44EF-7635-4CD3-8D51-122056B6A363}.Release|Any CPU.Build.0 = Release|Any CPU
		{F6AD38C1-B74F-416B-92CE-07FECD8E4A5B}.Debug|Any CPU.ActiveCfg = Debug|Any CPU
		{F6AD38C1-B74F-416B-92CE-07FECD8E4A5B}.Debug|Any CPU.Build.0 = Debug|Any CPU
		{F6AD38C1-B74F-416B-92CE-07FECD8E4A5B}.Release|Any CPU.ActiveCfg = Release|Any CPU
		{F6AD38C1-B74F-416B-92CE-07FECD8E4A5B}.Release|Any CPU.Build.0 = Release|Any CPU
	EndGlobalSection
	GlobalSection(SolutionProperties) = preSolution
		HideSolutionNode = FALSE
	EndGlobalSection
	GlobalSection(NestedProjects) = preSolution
		{872C13D5-89AB-46FD-9FB7-F0E312D89019} = {B224FCF6-81E1-4DD6-8F23-02C21887C251}
		{551855B4-4F91-4B59-A8BE-5A35AF6ECCB4} = {872C13D5-89AB-46FD-9FB7-F0E312D89019}
		{93D528F4-B841-450D-AD9A-648069DC2369} = {B224FCF6-81E1-4DD6-8F23-02C21887C251}
		{FF029435-5E1E-4F0B-AB4E-14A8A7ED9E42} = {93D528F4-B841-450D-AD9A-648069DC2369}
		{4097CC0D-20CC-43E4-916A-F965531EE112} = {B224FCF6-81E1-4DD6-8F23-02C21887C251}
		{48F4DF26-0661-44FC-891A-C6624990F26D} = {4097CC0D-20CC-43E4-916A-F965531EE112}
		{E2BC41DB-6AEC-433F-BA7B-41FCDAFDF65C} = {B224FCF6-81E1-4DD6-8F23-02C21887C251}
		{FB265853-8F44-4437-AB4C-DA9E91B024EC} = {E2BC41DB-6AEC-433F-BA7B-41FCDAFDF65C}
		{E0AEB022-E9D7-4B28-8077-AFD4F63D5926} = {B224FCF6-81E1-4DD6-8F23-02C21887C251}
		{B13F5898-7F05-439F-B4EF-44FA44E8521F} = {E0AEB022-E9D7-4B28-8077-AFD4F63D5926}
		{8B9DAAB3-A0A7-4734-B6B7-901C4F117BC8} = {B224FCF6-81E1-4DD6-8F23-02C21887C251}
		{23A11932-4303-4BF6-B986-E507518AB453} = {8B9DAAB3-A0A7-4734-B6B7-901C4F117BC8}
		{F2F9D502-CAC8-4FAD-94BD-0F10579ABA84} = {B224FCF6-81E1-4DD6-8F23-02C21887C251}
		{32000F96-D9F7-4975-942B-FE6D55A2F23C} = {F2F9D502-CAC8-4FAD-94BD-0F10579ABA84}
		{D0EDD4D4-230B-421C-B59A-96BA7E343F8D} = {B224FCF6-81E1-4DD6-8F23-02C21887C251}
		{C06C44EF-7635-4CD3-8D51-122056B6A363} = {D0EDD4D4-230B-421C-B59A-96BA7E343F8D}
	EndGlobalSection
	GlobalSection(ExtensibilityGlobals) = postSolution
		SolutionGuid = {067353B9-1213-4D50-9630-45ADDDB3DAB2}
	EndGlobalSection
EndGlobal
